
Microsoft Visual Studio Solution File, Format Version 12.00
# Visual Studio Version 16
VisualStudioVersion = 16.0.30804.86
MinimumVisualStudioVersion = 10.0.40219.1
Project("{9A19103F-16F7-4668-BE54-9A1E7A4F7556}") = "HackDays.GraphQL", "HackDays.GraphQL\HackDays.GraphQL.csproj", "{686EBBDE-A238-482E-8327-24FE8469B736}"
EndProject
Project("{9A19103F-16F7-4668-BE54-9A1E7A4F7556}") = "StarWars", "StarWars\StarWars.csproj", "{129DB7AD-7880-48CE-A5B8-B172FC235455}"
EndProject
Global
	GlobalSection(SolutionConfigurationPlatforms) = preSolution
		Debug|Any CPU = Debug|Any CPU
		Release|Any CPU = Release|Any CPU
	EndGlobalSection
	GlobalSection(ProjectConfigurationPlatforms) = postSolution
		{686EBBDE-A238-482E-8327-24FE8469B736}.Debug|Any CPU.ActiveCfg = Debug|Any CPU
		{686EBBDE-A238-482E-8327-24FE8469B736}.Debug|Any CPU.Build.0 = Debug|Any CPU
		{686EBBDE-A238-482E-8327-24FE8469B736}.Release|Any CPU.ActiveCfg = Release|Any CPU
		{686EBBDE-A238-482E-8327-24FE8469B736}.Release|Any CPU.Build.0 = Release|Any CPU
		{129DB7AD-7880-48CE-A5B8-B172FC235455}.Debug|Any CPU.ActiveCfg = Debug|Any CPU
		{129DB7AD-7880-48CE-A5B8-B172FC235455}.Debug|Any CPU.Build.0 = Debug|Any CPU
		{129DB7AD-7880-48CE-A5B8-B172FC235455}.Release|Any CPU.ActiveCfg = Release|Any CPU
		{129DB7AD-7880-48CE-A5B8-B172FC235455}.Release|Any CPU.Build.0 = Release|Any CPU
	EndGlobalSection
	GlobalSection(SolutionProperties) = preSolution
		HideSolutionNode = FALSE
	EndGlobalSection
	GlobalSection(ExtensibilityGlobals) = postSolution
		SolutionGuid = {69632509-5FEF-4567-A9F1-A0BBF56C21BE}
	EndGlobalSection
EndGlobal
